// !$*UTF8*$!
{
	archiveVersion = 1;
	classes = {
	};
	objectVersion = 55;
	objects = {

/* Begin PBXBuildFile section */
		249F2865275250100038FBAB /* tutorialApp.swift in Sources */ = {isa = PBXBuildFile; fileRef = 249F2864275250100038FBAB /* tutorialApp.swift */; };
		249F2867275250100038FBAB /* MeetingView.swift in Sources */ = {isa = PBXBuildFile; fileRef = 249F2866275250100038FBAB /* MeetingView.swift */; };
		249F2869275250110038FBAB /* Assets.xcassets in Resources */ = {isa = PBXBuildFile; fileRef = 249F2868275250110038FBAB /* Assets.xcassets */; };
		249F286C275250110038FBAB /* Preview Assets.xcassets in Resources */ = {isa = PBXBuildFile; fileRef = 249F286B275250110038FBAB /* Preview Assets.xcassets */; };
		249F2876275250110038FBAB /* tutorialTests.swift in Sources */ = {isa = PBXBuildFile; fileRef = 249F2875275250110038FBAB /* tutorialTests.swift */; };
		249F2880275250110038FBAB /* tutorialUITests.swift in Sources */ = {isa = PBXBuildFile; fileRef = 249F287F275250110038FBAB /* tutorialUITests.swift */; };
		249F2882275250110038FBAB /* tutorialUITestsLaunchTests.swift in Sources */ = {isa = PBXBuildFile; fileRef = 249F2881275250110038FBAB /* tutorialUITestsLaunchTests.swift */; };
		24AAAB822782AFE700625986 /* Theme.swift in Sources */ = {isa = PBXBuildFile; fileRef = 24AAAB812782AFE700625986 /* Theme.swift */; };
		24AAAB842782B11C00625986 /* DailyScrum.swift in Sources */ = {isa = PBXBuildFile; fileRef = 24AAAB832782B11C00625986 /* DailyScrum.swift */; };
		24AAAB862782B1D600625986 /* CardView.swift in Sources */ = {isa = PBXBuildFile; fileRef = 24AAAB852782B1D600625986 /* CardView.swift */; };
		24C3B99C278978780087E8DD /* DetailView.swift in Sources */ = {isa = PBXBuildFile; fileRef = 24C3B99B278978780087E8DD /* DetailView.swift */; };
		24D9E1F32782BA6B00516B49 /* TrailingIconLabelStyle.swift in Sources */ = {isa = PBXBuildFile; fileRef = 24D9E1F22782BA6B00516B49 /* TrailingIconLabelStyle.swift */; };
		24D9E1F52782BC1600516B49 /* ScrumsView.swift in Sources */ = {isa = PBXBuildFile; fileRef = 24D9E1F42782BC1600516B49 /* ScrumsView.swift */; };
/* End PBXBuildFile section */

/* Begin PBXContainerItemProxy section */
		249F2872275250110038FBAB /* PBXContainerItemProxy */ = {
			isa = PBXContainerItemProxy;
			containerPortal = 249F2859275250100038FBAB /* Project object */;
			proxyType = 1;
			remoteGlobalIDString = 249F2860275250100038FBAB;
			remoteInfo = tutorial;
		};
		249F287C275250110038FBAB /* PBXContainerItemProxy */ = {
			isa = PBXContainerItemProxy;
			containerPortal = 249F2859275250100038FBAB /* Project object */;
			proxyType = 1;
			remoteGlobalIDString = 249F2860275250100038FBAB;
			remoteInfo = tutorial;
		};
/* End PBXContainerItemProxy section */

/* Begin PBXFileReference section */
		249F2861275250100038FBAB /* tutorial.app */ = {isa = PBXFileReference; explicitFileType = wrapper.application; includeInIndex = 0; path = tutorial.app; sourceTree = BUILT_PRODUCTS_DIR; };
		249F2864275250100038FBAB /* tutorialApp.swift */ = {isa = PBXFileReference; lastKnownFileType = sourcecode.swift; path = tutorialApp.swift; sourceTree = "<group>"; };
		249F2866275250100038FBAB /* MeetingView.swift */ = {isa = PBXFileReference; lastKnownFileType = sourcecode.swift; path = MeetingView.swift; sourceTree = "<group>"; };
		249F2868275250110038FBAB /* Assets.xcassets */ = {isa = PBXFileReference; lastKnownFileType = folder.assetcatalog; path = Assets.xcassets; sourceTree = "<group>"; };
		249F286B275250110038FBAB /* Preview Assets.xcassets */ = {isa = PBXFileReference; lastKnownFileType = folder.assetcatalog; path = "Preview Assets.xcassets"; sourceTree = "<group>"; };
		249F2871275250110038FBAB /* tutorialTests.xctest */ = {isa = PBXFileReference; explicitFileType = wrapper.cfbundle; includeInIndex = 0; path = tutorialTests.xctest; sourceTree = BUILT_PRODUCTS_DIR; };
		249F2875275250110038FBAB /* tutorialTests.swift */ = {isa = PBXFileReference; lastKnownFileType = sourcecode.swift; path = tutorialTests.swift; sourceTree = "<group>"; };
		249F287B275250110038FBAB /* tutorialUITests.xctest */ = {isa = PBXFileReference; explicitFileType = wrapper.cfbundle; includeInIndex = 0; path = tutorialUITests.xctest; sourceTree = BUILT_PRODUCTS_DIR; };
		249F287F275250110038FBAB /* tutorialUITests.swift */ = {isa = PBXFileReference; lastKnownFileType = sourcecode.swift; path = tutorialUITests.swift; sourceTree = "<group>"; };
		249F2881275250110038FBAB /* tutorialUITestsLaunchTests.swift */ = {isa = PBXFileReference; lastKnownFileType = sourcecode.swift; path = tutorialUITestsLaunchTests.swift; sourceTree = "<group>"; };
		24AAAB812782AFE700625986 /* Theme.swift */ = {isa = PBXFileReference; lastKnownFileType = sourcecode.swift; path = Theme.swift; sourceTree = "<group>"; };
		24AAAB832782B11C00625986 /* DailyScrum.swift */ = {isa = PBXFileReference; lastKnownFileType = sourcecode.swift; path = DailyScrum.swift; sourceTree = "<group>"; };
		24AAAB852782B1D600625986 /* CardView.swift */ = {isa = PBXFileReference; lastKnownFileType = sourcecode.swift; path = CardView.swift; sourceTree = "<group>"; };
		24C3B99B278978780087E8DD /* DetailView.swift */ = {isa = PBXFileReference; lastKnownFileType = sourcecode.swift; path = DetailView.swift; sourceTree = "<group>"; };
		24D9E1F22782BA6B00516B49 /* TrailingIconLabelStyle.swift */ = {isa = PBXFileReference; lastKnownFileType = sourcecode.swift; path = TrailingIconLabelStyle.swift; sourceTree = "<group>"; };
		24D9E1F42782BC1600516B49 /* ScrumsView.swift */ = {isa = PBXFileReference; lastKnownFileType = sourcecode.swift; path = ScrumsView.swift; sourceTree = "<group>"; };
/* End PBXFileReference section */

/* Begin PBXFrameworksBuildPhase section */
		249F285E275250100038FBAB /* Frameworks */ = {
			isa = PBXFrameworksBuildPhase;
			buildActionMask = 2147483647;
			files = (
			);
			runOnlyForDeploymentPostprocessing = 0;
		};
		249F286E275250110038FBAB /* Frameworks */ = {
			isa = PBXFrameworksBuildPhase;
			buildActionMask = 2147483647;
			files = (
			);
			runOnlyForDeploymentPostprocessing = 0;
		};
		249F2878275250110038FBAB /* Frameworks */ = {
			isa = PBXFrameworksBuildPhase;
			buildActionMask = 2147483647;
			files = (
			);
			runOnlyForDeploymentPostprocessing = 0;
		};
/* End PBXFrameworksBuildPhase section */

/* Begin PBXGroup section */
		249F2858275250100038FBAB = {
			isa = PBXGroup;
			children = (
				249F2863275250100038FBAB /* tutorial */,
				249F2874275250110038FBAB /* tutorialTests */,
				249F287E275250110038FBAB /* tutorialUITests */,
				249F2862275250100038FBAB /* Products */,
			);
			sourceTree = "<group>";
		};
		249F2862275250100038FBAB /* Products */ = {
			isa = PBXGroup;
			children = (
				249F2861275250100038FBAB /* tutorial.app */,
				249F2871275250110038FBAB /* tutorialTests.xctest */,
				249F287B275250110038FBAB /* tutorialUITests.xctest */,
			);
			name = Products;
			sourceTree = "<group>";
		};
		249F2863275250100038FBAB /* tutorial */ = {
			isa = PBXGroup;
			children = (
				24AAAB802782AA1400625986 /* Models */,
				249F2864275250100038FBAB /* tutorialApp.swift */,
				24AAAB852782B1D600625986 /* CardView.swift */,
				249F2866275250100038FBAB /* MeetingView.swift */,
				24D9E1F22782BA6B00516B49 /* TrailingIconLabelStyle.swift */,
				24D9E1F42782BC1600516B49 /* ScrumsView.swift */,
				24C3B99B278978780087E8DD /* DetailView.swift */,
				249F2868275250110038FBAB /* Assets.xcassets */,
				249F286A275250110038FBAB /* Preview Content */,
			);
			path = tutorial;
			sourceTree = "<group>";
		};
		249F286A275250110038FBAB /* Preview Content */ = {
			isa = PBXGroup;
			children = (
				249F286B275250110038FBAB /* Preview Assets.xcassets */,
			);
			path = "Preview Content";
			sourceTree = "<group>";
		};
		249F2874275250110038FBAB /* tutorialTests */ = {
			isa = PBXGroup;
			children = (
				249F2875275250110038FBAB /* tutorialTests.swift */,
			);
			path = tutorialTests;
			sourceTree = "<group>";
		};
		249F287E275250110038FBAB /* tutorialUITests */ = {
			isa = PBXGroup;
			children = (
				249F287F275250110038FBAB /* tutorialUITests.swift */,
				249F2881275250110038FBAB /* tutorialUITestsLaunchTests.swift */,
			);
			path = tutorialUITests;
			sourceTree = "<group>";
		};
		24AAAB802782AA1400625986 /* Models */ = {
			isa = PBXGroup;
			children = (
				24AAAB832782B11C00625986 /* DailyScrum.swift */,
				24AAAB812782AFE700625986 /* Theme.swift */,
			);
			path = Models;
			sourceTree = "<group>";
		};
/* End PBXGroup section */

/* Begin PBXNativeTarget section */
		249F2860275250100038FBAB /* tutorial */ = {
			isa = PBXNativeTarget;
			buildConfigurationList = 249F2885275250110038FBAB /* Build configuration list for PBXNativeTarget "tutorial" */;
			buildPhases = (
				249F285D275250100038FBAB /* Sources */,
				249F285E275250100038FBAB /* Frameworks */,
				249F285F275250100038FBAB /* Resources */,
			);
			buildRules = (
			);
			dependencies = (
			);
			name = tutorial;
			productName = tutorial;
			productReference = 249F2861275250100038FBAB /* tutorial.app */;
			productType = "com.apple.product-type.application";
		};
		249F2870275250110038FBAB /* tutorialTests */ = {
			isa = PBXNativeTarget;
			buildConfigurationList = 249F2888275250110038FBAB /* Build configuration list for PBXNativeTarget "tutorialTests" */;
			buildPhases = (
				249F286D275250110038FBAB /* Sources */,
				249F286E275250110038FBAB /* Frameworks */,
				249F286F275250110038FBAB /* Resources */,
			);
			buildRules = (
			);
			dependencies = (
				249F2873275250110038FBAB /* PBXTargetDependency */,
			);
			name = tutorialTests;
			productName = tutorialTests;
			productReference = 249F2871275250110038FBAB /* tutorialTests.xctest */;
			productType = "com.apple.product-type.bundle.unit-test";
		};
		249F287A275250110038FBAB /* tutorialUITests */ = {
			isa = PBXNativeTarget;
			buildConfigurationList = 249F288B275250110038FBAB /* Build configuration list for PBXNativeTarget "tutorialUITests" */;
			buildPhases = (
				249F2877275250110038FBAB /* Sources */,
				249F2878275250110038FBAB /* Frameworks */,
				249F2879275250110038FBAB /* Resources */,
			);
			buildRules = (
			);
			dependencies = (
				249F287D275250110038FBAB /* PBXTargetDependency */,
			);
			name = tutorialUITests;
			productName = tutorialUITests;
			productReference = 249F287B275250110038FBAB /* tutorialUITests.xctest */;
			productType = "com.apple.product-type.bundle.ui-testing";
		};
/* End PBXNativeTarget section */

/* Begin PBXProject section */
		249F2859275250100038FBAB /* Project object */ = {
			isa = PBXProject;
			attributes = {
				BuildIndependentTargetsInParallel = 1;
				LastSwiftUpdateCheck = 1310;
				LastUpgradeCheck = 1310;
				TargetAttributes = {
					249F2860275250100038FBAB = {
						CreatedOnToolsVersion = 13.1;
					};
					249F2870275250110038FBAB = {
						CreatedOnToolsVersion = 13.1;
						TestTargetID = 249F2860275250100038FBAB;
					};
					249F287A275250110038FBAB = {
						CreatedOnToolsVersion = 13.1;
						TestTargetID = 249F2860275250100038FBAB;
					};
				};
			};
			buildConfigurationList = 249F285C275250100038FBAB /* Build configuration list for PBXProject "tutorial" */;
			compatibilityVersion = "Xcode 13.0";
			developmentRegion = en;
			hasScannedForEncodings = 0;
			knownRegions = (
				en,
				Base,
			);
			mainGroup = 249F2858275250100038FBAB;
			productRefGroup = 249F2862275250100038FBAB /* Products */;
			projectDirPath = "";
			projectRoot = "";
			targets = (
				249F2860275250100038FBAB /* tutorial */,
				249F2870275250110038FBAB /* tutorialTests */,
				249F287A275250110038FBAB /* tutorialUITests */,
			);
		};
/* End PBXProject section */

/* Begin PBXResourcesBuildPhase section */
		249F285F275250100038FBAB /* Resources */ = {
			isa = PBXResourcesBuildPhase;
			buildActionMask = 2147483647;
			files = (
				249F286C275250110038FBAB /* Preview Assets.xcassets in Resources */,
				249F2869275250110038FBAB /* Assets.xcassets in Resources */,
			);
			runOnlyForDeploymentPostprocessing = 0;
		};
		249F286F275250110038FBAB /* Resources */ = {
			isa = PBXResourcesBuildPhase;
			buildActionMask = 2147483647;
			files = (
			);
			runOnlyForDeploymentPostprocessing = 0;
		};
		249F2879275250110038FBAB /* Resources */ = {
			isa = PBXResourcesBuildPhase;
			buildActionMask = 2147483647;
			files = (
			);
			runOnlyForDeploymentPostprocessing = 0;
		};
/* End PBXResourcesBuildPhase section */

/* Begin PBXSourcesBuildPhase section */
		249F285D275250100038FBAB /* Sources */ = {
			isa = PBXSourcesBuildPhase;
			buildActionMask = 2147483647;
			files = (
				24AAAB842782B11C00625986 /* DailyScrum.swift in Sources */,
				24C3B99C278978780087E8DD /* DetailView.swift in Sources */,
				24D9E1F32782BA6B00516B49 /* TrailingIconLabelStyle.swift in Sources */,
				24AAAB822782AFE700625986 /* Theme.swift in Sources */,
				24D9E1F52782BC1600516B49 /* ScrumsView.swift in Sources */,
				249F2867275250100038FBAB /* MeetingView.swift in Sources */,
				249F2865275250100038FBAB /* tutorialApp.swift in Sources */,
				24AAAB862782B1D600625986 /* CardView.swift in Sources */,
			);
			runOnlyForDeploymentPostprocessing = 0;
		};
		249F286D275250110038FBAB /* Sources */ = {
			isa = PBXSourcesBuildPhase;
			buildActionMask = 2147483647;
			files = (
				249F2876275250110038FBAB /* tutorialTests.swift in Sources */,
			);
			runOnlyForDeploymentPostprocessing = 0;
		};
		249F2877275250110038FBAB /* Sources */ = {
			isa = PBXSourcesBuildPhase;
			buildActionMask = 2147483647;
			files = (
				249F2882275250110038FBAB /* tutorialUITestsLaunchTests.swift in Sources */,
				249F2880275250110038FBAB /* tutorialUITests.swift in Sources */,
			);
			runOnlyForDeploymentPostprocessing = 0;
		};
/* End PBXSourcesBuildPhase section */

/* Begin PBXTargetDependency section */
		249F2873275250110038FBAB /* PBXTargetDependency */ = {
			isa = PBXTargetDependency;
			target = 249F2860275250100038FBAB /* tutorial */;
			targetProxy = 249F2872275250110038FBAB /* PBXContainerItemProxy */;
		};
		249F287D275250110038FBAB /* PBXTargetDependency */ = {
			isa = PBXTargetDependency;
			target = 249F2860275250100038FBAB /* tutorial */;
			targetProxy = 249F287C275250110038FBAB /* PBXContainerItemProxy */;
		};
/* End PBXTargetDependency section */

/* Begin XCBuildConfiguration section */
		249F2883275250110038FBAB /* Debug */ = {
			isa = XCBuildConfiguration;
			buildSettings = {
				ALWAYS_SEARCH_USER_PATHS = NO;
				CLANG_ANALYZER_NONNULL = YES;
				CLANG_ANALYZER_NUMBER_OBJECT_CONVERSION = YES_AGGRESSIVE;
				CLANG_CXX_LANGUAGE_STANDARD = "gnu++17";
				CLANG_CXX_LIBRARY = "libc++";
				CLANG_ENABLE_MODULES = YES;
				CLANG_ENABLE_OBJC_ARC = YES;
				CLANG_ENABLE_OBJC_WEAK = YES;
				CLANG_WARN_BLOCK_CAPTURE_AUTORELEASING = YES;
				CLANG_WARN_BOOL_CONVERSION = YES;
				CLANG_WARN_COMMA = YES;
				CLANG_WARN_CONSTANT_CONVERSION = YES;
				CLANG_WARN_DEPRECATED_OBJC_IMPLEMENTATIONS = YES;
				CLANG_WARN_DIRECT_OBJC_ISA_USAGE = YES_ERROR;
				CLANG_WARN_DOCUMENTATION_COMMENTS = YES;
				CLANG_WARN_EMPTY_BODY = YES;
				CLANG_WARN_ENUM_CONVERSION = YES;
				CLANG_WARN_INFINITE_RECURSION = YES;
				CLANG_WARN_INT_CONVERSION = YES;
				CLANG_WARN_NON_LITERAL_NULL_CONVERSION = YES;
				CLANG_WARN_OBJC_IMPLICIT_RETAIN_SELF = YES;
				CLANG_WARN_OBJC_LITERAL_CONVERSION = YES;
				CLANG_WARN_OBJC_ROOT_CLASS = YES_ERROR;
				CLANG_WARN_QUOTED_INCLUDE_IN_FRAMEWORK_HEADER = YES;
				CLANG_WARN_RANGE_LOOP_ANALYSIS = YES;
				CLANG_WARN_STRICT_PROTOTYPES = YES;
				CLANG_WARN_SUSPICIOUS_MOVE = YES;
				CLANG_WARN_UNGUARDED_AVAILABILITY = YES_AGGRESSIVE;
				CLANG_WARN_UNREACHABLE_CODE = YES;
				CLANG_WARN__DUPLICATE_METHOD_MATCH = YES;
				COPY_PHASE_STRIP = NO;
				DEBUG_INFORMATION_FORMAT = dwarf;
				ENABLE_STRICT_OBJC_MSGSEND = YES;
				ENABLE_TESTABILITY = YES;
				GCC_C_LANGUAGE_STANDARD = gnu11;
				GCC_DYNAMIC_NO_PIC = NO;
				GCC_NO_COMMON_BLOCKS = YES;
				GCC_OPTIMIZATION_LEVEL = 0;
				GCC_PREPROCESSOR_DEFINITIONS = (
					"DEBUG=1",
					"$(inherited)",
				);
				GCC_WARN_64_TO_32_BIT_CONVERSION = YES;
				GCC_WARN_ABOUT_RETURN_TYPE = YES_ERROR;
				GCC_WARN_UNDECLARED_SELECTOR = YES;
				GCC_WARN_UNINITIALIZED_AUTOS = YES_AGGRESSIVE;
				GCC_WARN_UNUSED_FUNCTION = YES;
				GCC_WARN_UNUSED_VARIABLE = YES;
				IPHONEOS_DEPLOYMENT_TARGET = 15.0;
				MTL_ENABLE_DEBUG_INFO = INCLUDE_SOURCE;
				MTL_FAST_MATH = YES;
				ONLY_ACTIVE_ARCH = YES;
				SDKROOT = iphoneos;
				SWIFT_ACTIVE_COMPILATION_CONDITIONS = DEBUG;
				SWIFT_OPTIMIZATION_LEVEL = "-Onone";
			};
			name = Debug;
		};
		249F2884275250110038FBAB /* Release */ = {
			isa = XCBuildConfiguration;
			buildSettings = {
				ALWAYS_SEARCH_USER_PATHS = NO;
				CLANG_ANALYZER_NONNULL = YES;
				CLANG_ANALYZER_NUMBER_OBJECT_CONVERSION = YES_AGGRESSIVE;
				CLANG_CXX_LANGUAGE_STANDARD = "gnu++17";
				CLANG_CXX_LIBRARY = "libc++";
				CLANG_ENABLE_MODULES = YES;
				CLANG_ENABLE_OBJC_ARC = YES;
				CLANG_ENABLE_OBJC_WEAK = YES;
				CLANG_WARN_BLOCK_CAPTURE_AUTORELEASING = YES;
				CLANG_WARN_BOOL_CONVERSION = YES;
				CLANG_WARN_COMMA = YES;
				CLANG_WARN_CONSTANT_CONVERSION = YES;
				CLANG_WARN_DEPRECATED_OBJC_IMPLEMENTATIONS = YES;
				CLANG_WARN_DIRECT_OBJC_ISA_USAGE = YES_ERROR;
				CLANG_WARN_DOCUMENTATION_COMMENTS = YES;
				CLANG_WARN_EMPTY_BODY = YES;
				CLANG_WARN_ENUM_CONVERSION = YES;
				CLANG_WARN_INFINITE_RECURSION = YES;
				CLANG_WARN_INT_CONVERSION = YES;
				CLANG_WARN_NON_LITERAL_NULL_CONVERSION = YES;
				CLANG_WARN_OBJC_IMPLICIT_RETAIN_SELF = YES;
				CLANG_WARN_OBJC_LITERAL_CONVERSION = YES;
				CLANG_WARN_OBJC_ROOT_CLASS = YES_ERROR;
				CLANG_WARN_QUOTED_INCLUDE_IN_FRAMEWORK_HEADER = YES;
				CLANG_WARN_RANGE_LOOP_ANALYSIS = YES;
				CLANG_WARN_STRICT_PROTOTYPES = YES;
				CLANG_WARN_SUSPICIOUS_MOVE = YES;
				CLANG_WARN_UNGUARDED_AVAILABILITY = YES_AGGRESSIVE;
				CLANG_WARN_UNREACHABLE_CODE = YES;
				CLANG_WARN__DUPLICATE_METHOD_MATCH = YES;
				COPY_PHASE_STRIP = NO;
				DEBUG_INFORMATION_FORMAT = "dwarf-with-dsym";
				ENABLE_NS_ASSERTIONS = NO;
				ENABLE_STRICT_OBJC_MSGSEND = YES;
				GCC_C_LANGUAGE_STANDARD = gnu11;
				GCC_NO_COMMON_BLOCKS = YES;
				GCC_WARN_64_TO_32_BIT_CONVERSION = YES;
				GCC_WARN_ABOUT_RETURN_TYPE = YES_ERROR;
				GCC_WARN_UNDECLARED_SELECTOR = YES;
				GCC_WARN_UNINITIALIZED_AUTOS = YES_AGGRESSIVE;
				GCC_WARN_UNUSED_FUNCTION = YES;
				GCC_WARN_UNUSED_VARIABLE = YES;
				IPHONEOS_DEPLOYMENT_TARGET = 15.0;
				MTL_ENABLE_DEBUG_INFO = NO;
				MTL_FAST_MATH = YES;
				SDKROOT = iphoneos;
				SWIFT_COMPILATION_MODE = wholemodule;
				SWIFT_OPTIMIZATION_LEVEL = "-O";
				VALIDATE_PRODUCT = YES;
			};
			name = Release;
		};
		249F2886275250110038FBAB /* Debug */ = {
			isa = XCBuildConfiguration;
			buildSettings = {
				ASSETCATALOG_COMPILER_APPICON_NAME = AppIcon;
				ASSETCATALOG_COMPILER_GLOBAL_ACCENT_COLOR_NAME = AccentColor;
				CODE_SIGN_IDENTITY = "Apple Development";
				CODE_SIGN_STYLE = Automatic;
				CURRENT_PROJECT_VERSION = 1;
				DEVELOPMENT_ASSET_PATHS = "\"tutorial/Preview Content\"";
				DEVELOPMENT_TEAM = 7QT35DPC8M;
				ENABLE_PREVIEWS = YES;
				GENERATE_INFOPLIST_FILE = YES;
				INFOPLIST_KEY_UIApplicationSceneManifest_Generation = YES;
				INFOPLIST_KEY_UIApplicationSupportsIndirectInputEvents = YES;
				INFOPLIST_KEY_UILaunchScreen_Generation = YES;
				INFOPLIST_KEY_UISupportedInterfaceOrientations_iPad = "UIInterfaceOrientationPortrait UIInterfaceOrientationPortraitUpsideDown UIInterfaceOrientationLandscapeLeft UIInterfaceOrientationLandscapeRight";
				INFOPLIST_KEY_UISupportedInterfaceOrientations_iPhone = "UIInterfaceOrientationPortrait UIInterfaceOrientationLandscapeLeft UIInterfaceOrientationLandscapeRight";
				IPHONEOS_DEPLOYMENT_TARGET = 15.0;
				LD_RUNPATH_SEARCH_PATHS = (
					"$(inherited)",
					"@executable_path/Frameworks",
				);
				MARKETING_VERSION = 1.0;
				PRODUCT_BUNDLE_IDENTIFIER = personal.tutorial.kenphetmany;
				PRODUCT_NAME = "$(TARGET_NAME)";
				PROVISIONING_PROFILE_SPECIFIER = "";
				SWIFT_EMIT_LOC_STRINGS = YES;
				SWIFT_VERSION = 5.0;
				TARGETED_DEVICE_FAMILY = "1,2";
			};
			name = Debug;
		};
		249F2887275250110038FBAB /* Release */ = {
			isa = XCBuildConfiguration;
			buildSettings = {
				ASSETCATALOG_COMPILER_APPICON_NAME = AppIcon;
				ASSETCATALOG_COMPILER_GLOBAL_ACCENT_COLOR_NAME = AccentColor;
				CODE_SIGN_IDENTITY = "Apple Development";
				CODE_SIGN_STYLE = Automatic;
				CURRENT_PROJECT_VERSION = 1;
				DEVELOPMENT_ASSET_PATHS = "\"tutorial/Preview Content\"";
				DEVELOPMENT_TEAM = 7QT35DPC8M;
				ENABLE_PREVIEWS = YES;
				GENERATE_INFOPLIST_FILE = YES;
				INFOPLIST_KEY_UIApplicationSceneManifest_Generation = YES;
				INFOPLIST_KEY_UIApplicationSupportsIndirectInputEvents = YES;
				INFOPLIST_KEY_UILaunchScreen_Generation = YES;
				INFOPLIST_KEY_UISupportedInterfaceOrientations_iPad = "UIInterfaceOrientationPortrait UIInterfaceOrientationPortraitUpsideDown UIInterfaceOrientationLandscapeLeft UIInterfaceOrientationLandscapeRight";
				INFOPLIST_KEY_UISupportedInterfaceOrientations_iPhone = "UIInterfaceOrientationPortrait UIInterfaceOrientationLandscapeLeft UIInterfaceOrientationLandscapeRight";
				IPHONEOS_DEPLOYMENT_TARGET = 15.0;
				LD_RUNPATH_SEARCH_PATHS = (
					"$(inherited)",
					"@executable_path/Frameworks",
				);
				MARKETING_VERSION = 1.0;
				PRODUCT_BUNDLE_IDENTIFIER = personal.tutorial.kenphetmany;
				PRODUCT_NAME = "$(TARGET_NAME)";
				PROVISIONING_PROFILE_SPECIFIER = "";
				SWIFT_EMIT_LOC_STRINGS = YES;
				SWIFT_VERSION = 5.0;
				TARGETED_DEVICE_FAMILY = "1,2";
			};
			name = Release;
		};
		249F2889275250110038FBAB /* Debug */ = {
			isa = XCBuildConfiguration;
			buildSettings = {
				ALWAYS_EMBED_SWIFT_STANDARD_LIBRARIES = YES;
				BUNDLE_LOADER = "$(TEST_HOST)";
				CODE_SIGN_STYLE = Automatic;
				CURRENT_PROJECT_VERSION = 1;
				GENERATE_INFOPLIST_FILE = YES;
				IPHONEOS_DEPLOYMENT_TARGET = 15.0;
				LD_RUNPATH_SEARCH_PATHS = (
					"$(inherited)",
					"@executable_path/Frameworks",
					"@loader_path/Frameworks",
				);
				MARKETING_VERSION = 1.0;
				PRODUCT_BUNDLE_IDENTIFIER = personal.tutorialTests;
				PRODUCT_NAME = "$(TARGET_NAME)";
				SWIFT_EMIT_LOC_STRINGS = NO;
				SWIFT_VERSION = 5.0;
				TARGETED_DEVICE_FAMILY = "1,2";
				TEST_HOST = "$(BUILT_PRODUCTS_DIR)/tutorial.app/tutorial";
			};
			name = Debug;
		};
		249F288A275250110038FBAB /* Release */ = {
			isa = XCBuildConfiguration;
			buildSettings = {
				ALWAYS_EMBED_SWIFT_STANDARD_LIBRARIES = YES;
				BUNDLE_LOADER = "$(TEST_HOST)";
				CODE_SIGN_STYLE = Automatic;
				CURRENT_PROJECT_VERSION = 1;
				GENERATE_INFOPLIST_FILE = YES;
				IPHONEOS_DEPLOYMENT_TARGET = 15.0;
				LD_RUNPATH_SEARCH_PATHS = (
					"$(inherited)",
					"@executable_path/Frameworks",
					"@loader_path/Frameworks",
				);
				MARKETING_VERSION = 1.0;
				PRODUCT_BUNDLE_IDENTIFIER = personal.tutorialTests;
				PRODUCT_NAME = "$(TARGET_NAME)";
				SWIFT_EMIT_LOC_STRINGS = NO;
				SWIFT_VERSION = 5.0;
				TARGETED_DEVICE_FAMILY = "1,2";
				TEST_HOST = "$(BUILT_PRODUCTS_DIR)/tutorial.app/tutorial";
			};
			name = Release;
		};
		249F288C275250110038FBAB /* Debug */ = {
			isa = XCBuildConfiguration;
			buildSettings = {
				ALWAYS_EMBED_SWIFT_STANDARD_LIBRARIES = YES;
				CODE_SIGN_STYLE = Automatic;
				CURRENT_PROJECT_VERSION = 1;
				GENERATE_INFOPLIST_FILE = YES;
				LD_RUNPATH_SEARCH_PATHS = (
					"$(inherited)",
					"@executable_path/Frameworks",
					"@loader_path/Frameworks",
				);
				MARKETING_VERSION = 1.0;
				PRODUCT_BUNDLE_IDENTIFIER = personal.tutorialUITests;
				PRODUCT_NAME = "$(TARGET_NAME)";
				SWIFT_EMIT_LOC_STRINGS = NO;
				SWIFT_VERSION = 5.0;
				TARGETED_DEVICE_FAMILY = "1,2";
				TEST_TARGET_NAME = tutorial;
			};
			name = Debug;
		};
		249F288D275250110038FBAB /* Release */ = {
			isa = XCBuildConfiguration;
			buildSettings = {
				ALWAYS_EMBED_SWIFT_STANDARD_LIBRARIES = YES;
				CODE_SIGN_STYLE = Automatic;
				CURRENT_PROJECT_VERSION = 1;
				GENERATE_INFOPLIST_FILE = YES;
				LD_RUNPATH_SEARCH_PATHS = (
					"$(inherited)",
					"@executable_path/Frameworks",
					"@loader_path/Frameworks",
				);
				MARKETING_VERSION = 1.0;
				PRODUCT_BUNDLE_IDENTIFIER = personal.tutorialUITests;
				PRODUCT_NAME = "$(TARGET_NAME)";
				SWIFT_EMIT_LOC_STRINGS = NO;
				SWIFT_VERSION = 5.0;
				TARGETED_DEVICE_FAMILY = "1,2";
				TEST_TARGET_NAME = tutorial;
			};
			name = Release;
		};
/* End XCBuildConfiguration section */

/* Begin XCConfigurationList section */
		249F285C275250100038FBAB /* Build configuration list for PBXProject "tutorial" */ = {
			isa = XCConfigurationList;
			buildConfigurations = (
				249F2883275250110038FBAB /* Debug */,
				249F2884275250110038FBAB /* Release */,
			);
			defaultConfigurationIsVisible = 0;
			defaultConfigurationName = Release;
		};
		249F2885275250110038FBAB /* Build configuration list for PBXNativeTarget "tutorial" */ = {
			isa = XCConfigurationList;
			buildConfigurations = (
				249F2886275250110038FBAB /* Debug */,
				249F2887275250110038FBAB /* Release */,
			);
			defaultConfigurationIsVisible = 0;
			defaultConfigurationName = Release;
		};
		249F2888275250110038FBAB /* Build configuration list for PBXNativeTarget "tutorialTests" */ = {
			isa = XCConfigurationList;
			buildConfigurations = (
				249F2889275250110038FBAB /* Debug */,
				249F288A275250110038FBAB /* Release */,
			);
			defaultConfigurationIsVisible = 0;
			defaultConfigurationName = Release;
		};
		249F288B275250110038FBAB /* Build configuration list for PBXNativeTarget "tutorialUITests" */ = {
			isa = XCConfigurationList;
			buildConfigurations = (
				249F288C275250110038FBAB /* Debug */,
				249F288D275250110038FBAB /* Release */,
			);
			defaultConfigurationIsVisible = 0;
			defaultConfigurationName = Release;
		};
/* End XCConfigurationList section */
	};
	rootObject = 249F2859275250100038FBAB /* Project object */;
}
